// !$*UTF8*$!
{
	archiveVersion = 1;
	classes = {
	};
	objectVersion = 55;
	objects = {

/* Begin PBXBuildFile section */
		5662DB0D289C275100FB328F /* AppDelegate.swift in Sources */ = {isa = PBXBuildFile; fileRef = 5662DB0C289C275100FB328F /* AppDelegate.swift */; };
		5662DB0F289C275100FB328F /* SceneDelegate.swift in Sources */ = {isa = PBXBuildFile; fileRef = 5662DB0E289C275100FB328F /* SceneDelegate.swift */; };
		5662DB11289C275100FB328F /* MovieVC.swift in Sources */ = {isa = PBXBuildFile; fileRef = 5662DB10289C275100FB328F /* MovieVC.swift */; };
		5662DB14289C275100FB328F /* Main.storyboard in Resources */ = {isa = PBXBuildFile; fileRef = 5662DB12289C275100FB328F /* Main.storyboard */; };
		5662DB16289C275500FB328F /* Assets.xcassets in Resources */ = {isa = PBXBuildFile; fileRef = 5662DB15289C275500FB328F /* Assets.xcassets */; };
		5662DB19289C275500FB328F /* LaunchScreen.storyboard in Resources */ = {isa = PBXBuildFile; fileRef = 5662DB17289C275500FB328F /* LaunchScreen.storyboard */; };
		5662DB25289C27AB00FB328F /* MovieVM.swift in Sources */ = {isa = PBXBuildFile; fileRef = 5662DB24289C27AB00FB328F /* MovieVM.swift */; };
		5662DB28289C27CC00FB328F /* Movie.swift in Sources */ = {isa = PBXBuildFile; fileRef = 5662DB27289C27CC00FB328F /* Movie.swift */; };
		5662DB2B289C2A6A00FB328F /* movieDataController.swift in Sources */ = {isa = PBXBuildFile; fileRef = 5662DB2A289C2A6A00FB328F /* movieDataController.swift */; };
		5662DB30289C395200FB328F /* movieListCell.xib in Resources */ = {isa = PBXBuildFile; fileRef = 5662DB2F289C395200FB328F /* movieListCell.xib */; };
		5662DB32289C3A3000FB328F /* movieListCell.swift in Sources */ = {isa = PBXBuildFile; fileRef = 5662DB31289C3A3000FB328F /* movieListCell.swift */; };
		5662DB35289C3C5A00FB328F /* Longinus in Frameworks */ = {isa = PBXBuildFile; productRef = 5662DB34289C3C5A00FB328F /* Longinus */; };
		5662DB3B289C588D00FB328F /* Alamofire in Frameworks */ = {isa = PBXBuildFile; productRef = 5662DB3A289C588D00FB328F /* Alamofire */; };
		5662DB3D289D4E2A00FB328F /* movieDetailVC.swift in Sources */ = {isa = PBXBuildFile; fileRef = 5662DB3C289D4E2A00FB328F /* movieDetailVC.swift */; };
		5662DB3F289D501700FB328F /* movieDetailVM.swift in Sources */ = {isa = PBXBuildFile; fileRef = 5662DB3E289D501700FB328F /* movieDetailVM.swift */; };
		5662DB42289FB19D00FB328F /* Lottie in Frameworks */ = {isa = PBXBuildFile; productRef = 5662DB41289FB19D00FB328F /* Lottie */; };
		5662DB44289FB46600FB328F /* popcorn.json in Resources */ = {isa = PBXBuildFile; fileRef = 5662DB43289FB46500FB328F /* popcorn.json */; };
/* End PBXBuildFile section */

/* Begin PBXFileReference section */
		5662DB09289C275100FB328F /* MovieApp.app */ = {isa = PBXFileReference; explicitFileType = wrapper.application; includeInIndex = 0; path = MovieApp.app; sourceTree = BUILT_PRODUCTS_DIR; };
		5662DB0C289C275100FB328F /* AppDelegate.swift */ = {isa = PBXFileReference; lastKnownFileType = sourcecode.swift; path = AppDelegate.swift; sourceTree = "<group>"; };
		5662DB0E289C275100FB328F /* SceneDelegate.swift */ = {isa = PBXFileReference; lastKnownFileType = sourcecode.swift; path = SceneDelegate.swift; sourceTree = "<group>"; };
		5662DB10289C275100FB328F /* MovieVC.swift */ = {isa = PBXFileReference; lastKnownFileType = sourcecode.swift; path = MovieVC.swift; sourceTree = "<group>"; };
		5662DB13289C275100FB328F /* Base */ = {isa = PBXFileReference; lastKnownFileType = file.storyboard; name = Base; path = Base.lproj/Main.storyboard; sourceTree = "<group>"; };
		5662DB15289C275500FB328F /* Assets.xcassets */ = {isa = PBXFileReference; lastKnownFileType = folder.assetcatalog; path = Assets.xcassets; sourceTree = "<group>"; };
		5662DB18289C275500FB328F /* Base */ = {isa = PBXFileReference; lastKnownFileType = file.storyboard; name = Base; path = Base.lproj/LaunchScreen.storyboard; sourceTree = "<group>"; };
		5662DB1A289C275500FB328F /* Info.plist */ = {isa = PBXFileReference; lastKnownFileType = text.plist.xml; path = Info.plist; sourceTree = "<group>"; };
		5662DB24289C27AB00FB328F /* MovieVM.swift */ = {isa = PBXFileReference; lastKnownFileType = sourcecode.swift; path = MovieVM.swift; sourceTree = "<group>"; };
		5662DB27289C27CC00FB328F /* Movie.swift */ = {isa = PBXFileReference; lastKnownFileType = sourcecode.swift; path = Movie.swift; sourceTree = "<group>"; };
		5662DB2A289C2A6A00FB328F /* movieDataController.swift */ = {isa = PBXFileReference; lastKnownFileType = sourcecode.swift; path = movieDataController.swift; sourceTree = "<group>"; };
		5662DB2F289C395200FB328F /* movieListCell.xib */ = {isa = PBXFileReference; lastKnownFileType = file.xib; path = movieListCell.xib; sourceTree = "<group>"; };
		5662DB31289C3A3000FB328F /* movieListCell.swift */ = {isa = PBXFileReference; lastKnownFileType = sourcecode.swift; path = movieListCell.swift; sourceTree = "<group>"; };
		5662DB3C289D4E2A00FB328F /* movieDetailVC.swift */ = {isa = PBXFileReference; lastKnownFileType = sourcecode.swift; path = movieDetailVC.swift; sourceTree = "<group>"; };
		5662DB3E289D501700FB328F /* movieDetailVM.swift */ = {isa = PBXFileReference; lastKnownFileType = sourcecode.swift; path = movieDetailVM.swift; sourceTree = "<group>"; };
		5662DB43289FB46500FB328F /* popcorn.json */ = {isa = PBXFileReference; fileEncoding = 4; lastKnownFileType = text.json; path = popcorn.json; sourceTree = "<group>"; };
/* End PBXFileReference section */

/* Begin PBXFrameworksBuildPhase section */
		5662DB06289C275100FB328F /* Frameworks */ = {
			isa = PBXFrameworksBuildPhase;
			buildActionMask = 2147483647;
			files = (
				5662DB35289C3C5A00FB328F /* Longinus in Frameworks */,
				5662DB3B289C588D00FB328F /* Alamofire in Frameworks */,
				5662DB42289FB19D00FB328F /* Lottie in Frameworks */,
			);
			runOnlyForDeploymentPostprocessing = 0;
		};
/* End PBXFrameworksBuildPhase section */

/* Begin PBXGroup section */
		5662DB00289C275100FB328F = {
			isa = PBXGroup;
			children = (
				5662DB0B289C275100FB328F /* MovieApp */,
				5662DB0A289C275100FB328F /* Products */,
			);
			sourceTree = "<group>";
		};
		5662DB0A289C275100FB328F /* Products */ = {
			isa = PBXGroup;
			children = (
				5662DB09289C275100FB328F /* MovieApp.app */,
			);
			name = Products;
			sourceTree = "<group>";
		};
		5662DB0B289C275100FB328F /* MovieApp */ = {
			isa = PBXGroup;
			children = (
				5662DB29289C2A5C00FB328F /* Services */,
				5662DB23289C279800FB328F /* View */,
				5662DB22289C279100FB328F /* ViewController */,
				5662DB21289C278B00FB328F /* ViewModel */,
				5662DB20289C278400FB328F /* Model */,
				5662DB0C289C275100FB328F /* AppDelegate.swift */,
				5662DB0E289C275100FB328F /* SceneDelegate.swift */,
				5662DB43289FB46500FB328F /* popcorn.json */,
				5662DB15289C275500FB328F /* Assets.xcassets */,
				5662DB1A289C275500FB328F /* Info.plist */,
			);
			path = MovieApp;
			sourceTree = "<group>";
		};
		5662DB20289C278400FB328F /* Model */ = {
			isa = PBXGroup;
			children = (
				5662DB27289C27CC00FB328F /* Movie.swift */,
			);
			path = Model;
			sourceTree = "<group>";
		};
		5662DB21289C278B00FB328F /* ViewModel */ = {
			isa = PBXGroup;
			children = (
				5662DB24289C27AB00FB328F /* MovieVM.swift */,
				5662DB3E289D501700FB328F /* movieDetailVM.swift */,
			);
			path = ViewModel;
			sourceTree = "<group>";
		};
		5662DB22289C279100FB328F /* ViewController */ = {
			isa = PBXGroup;
			children = (
				5662DB10289C275100FB328F /* MovieVC.swift */,
				5662DB3C289D4E2A00FB328F /* movieDetailVC.swift */,
			);
			path = ViewController;
			sourceTree = "<group>";
		};
		5662DB23289C279800FB328F /* View */ = {
			isa = PBXGroup;
			children = (
				5662DB12289C275100FB328F /* Main.storyboard */,
				5662DB17289C275500FB328F /* LaunchScreen.storyboard */,
				5662DB2F289C395200FB328F /* movieListCell.xib */,
				5662DB31289C3A3000FB328F /* movieListCell.swift */,
			);
			path = View;
			sourceTree = "<group>";
		};
		5662DB29289C2A5C00FB328F /* Services */ = {
			isa = PBXGroup;
			children = (
				5662DB2A289C2A6A00FB328F /* movieDataController.swift */,
			);
			path = Services;
			sourceTree = "<group>";
		};
/* End PBXGroup section */

/* Begin PBXNativeTarget section */
		5662DB08289C275100FB328F /* MovieApp */ = {
			isa = PBXNativeTarget;
			buildConfigurationList = 5662DB1D289C275500FB328F /* Build configuration list for PBXNativeTarget "MovieApp" */;
			buildPhases = (
				5662DB05289C275100FB328F /* Sources */,
				5662DB06289C275100FB328F /* Frameworks */,
				5662DB07289C275100FB328F /* Resources */,
			);
			buildRules = (
			);
			dependencies = (
			);
			name = MovieApp;
			packageProductDependencies = (
				5662DB34289C3C5A00FB328F /* Longinus */,
				5662DB3A289C588D00FB328F /* Alamofire */,
				5662DB41289FB19D00FB328F /* Lottie */,
			);
			productName = MovieApp;
			productReference = 5662DB09289C275100FB328F /* MovieApp.app */;
			productType = "com.apple.product-type.application";
		};
/* End PBXNativeTarget section */

/* Begin PBXProject section */
		5662DB01289C275100FB328F /* Project object */ = {
			isa = PBXProject;
			attributes = {
				BuildIndependentTargetsInParallel = 1;
				LastSwiftUpdateCheck = 1340;
				LastUpgradeCheck = 1340;
				TargetAttributes = {
					5662DB08289C275100FB328F = {
						CreatedOnToolsVersion = 13.4.1;
					};
				};
			};
			buildConfigurationList = 5662DB04289C275100FB328F /* Build configuration list for PBXProject "MovieApp" */;
			compatibilityVersion = "Xcode 13.0";
			developmentRegion = en;
			hasScannedForEncodings = 0;
			knownRegions = (
				en,
				Base,
			);
			mainGroup = 5662DB00289C275100FB328F;
			packageReferences = (
				5662DB33289C3C5A00FB328F /* XCRemoteSwiftPackageReference "Longinus" */,
				5662DB39289C588D00FB328F /* XCRemoteSwiftPackageReference "Alamofire" */,
				5662DB40289FB19D00FB328F /* XCRemoteSwiftPackageReference "lottie-ios" */,
			);
			productRefGroup = 5662DB0A289C275100FB328F /* Products */;
			projectDirPath = "";
			projectRoot = "";
			targets = (
				5662DB08289C275100FB328F /* MovieApp */,
			);
		};
/* End PBXProject section */

/* Begin PBXResourcesBuildPhase section */
		5662DB07289C275100FB328F /* Resources */ = {
			isa = PBXResourcesBuildPhase;
			buildActionMask = 2147483647;
			files = (
				5662DB19289C275500FB328F /* LaunchScreen.storyboard in Resources */,
				5662DB16289C275500FB328F /* Assets.xcassets in Resources */,
				5662DB44289FB46600FB328F /* popcorn.json in Resources */,
				5662DB14289C275100FB328F /* Main.storyboard in Resources */,
				5662DB30289C395200FB328F /* movieListCell.xib in Resources */,
			);
			runOnlyForDeploymentPostprocessing = 0;
		};
/* End PBXResourcesBuildPhase section */

/* Begin PBXSourcesBuildPhase section */
		5662DB05289C275100FB328F /* Sources */ = {
			isa = PBXSourcesBuildPhase;
			buildActionMask = 2147483647;
			files = (
				5662DB11289C275100FB328F /* MovieVC.swift in Sources */,
				5662DB0D289C275100FB328F /* AppDelegate.swift in Sources */,
				5662DB3D289D4E2A00FB328F /* movieDetailVC.swift in Sources */,
				5662DB2B289C2A6A00FB328F /* movieDataController.swift in Sources */,
				5662DB32289C3A3000FB328F /* movieListCell.swift in Sources */,
				5662DB25289C27AB00FB328F /* MovieVM.swift in Sources */,
				5662DB0F289C275100FB328F /* SceneDelegate.swift in Sources */,
				5662DB3F289D501700FB328F /* movieDetailVM.swift in Sources */,
				5662DB28289C27CC00FB328F /* Movie.swift in Sources */,
			);
			runOnlyForDeploymentPostprocessing = 0;
		};
/* End PBXSourcesBuildPhase section */

/* Begin PBXVariantGroup section */
		5662DB12289C275100FB328F /* Main.storyboard */ = {
			isa = PBXVariantGroup;
			children = (
				5662DB13289C275100FB328F /* Base */,
			);
			name = Main.storyboard;
			sourceTree = "<group>";
		};
		5662DB17289C275500FB328F /* LaunchScreen.storyboard */ = {
			isa = PBXVariantGroup;
			children = (
				5662DB18289C275500FB328F /* Base */,
			);
			name = LaunchScreen.storyboard;
			sourceTree = "<group>";
		};
/* End PBXVariantGroup section */

/* Begin XCBuildConfiguration section */
		5662DB1B289C275500FB328F /* Debug */ = {
			isa = XCBuildConfiguration;
			buildSettings = {
				ALWAYS_SEARCH_USER_PATHS = NO;
				CLANG_ANALYZER_NONNULL = YES;
				CLANG_ANALYZER_NUMBER_OBJECT_CONVERSION = YES_AGGRESSIVE;
				CLANG_CXX_LANGUAGE_STANDARD = "gnu++17";
				CLANG_ENABLE_MODULES = YES;
				CLANG_ENABLE_OBJC_ARC = YES;
				CLANG_ENABLE_OBJC_WEAK = YES;
				CLANG_WARN_BLOCK_CAPTURE_AUTORELEASING = YES;
				CLANG_WARN_BOOL_CONVERSION = YES;
				CLANG_WARN_COMMA = YES;
				CLANG_WARN_CONSTANT_CONVERSION = YES;
				CLANG_WARN_DEPRECATED_OBJC_IMPLEMENTATIONS = YES;
				CLANG_WARN_DIRECT_OBJC_ISA_USAGE = YES_ERROR;
				CLANG_WARN_DOCUMENTATION_COMMENTS = YES;
				CLANG_WARN_EMPTY_BODY = YES;
				CLANG_WARN_ENUM_CONVERSION = YES;
				CLANG_WARN_INFINITE_RECURSION = YES;
				CLANG_WARN_INT_CONVERSION = YES;
				CLANG_WARN_NON_LITERAL_NULL_CONVERSION = YES;
				CLANG_WARN_OBJC_IMPLICIT_RETAIN_SELF = YES;
				CLANG_WARN_OBJC_LITERAL_CONVERSION = YES;
				CLANG_WARN_OBJC_ROOT_CLASS = YES_ERROR;
				CLANG_WARN_QUOTED_INCLUDE_IN_FRAMEWORK_HEADER = YES;
				CLANG_WARN_RANGE_LOOP_ANALYSIS = YES;
				CLANG_WARN_STRICT_PROTOTYPES = YES;
				CLANG_WARN_SUSPICIOUS_MOVE = YES;
				CLANG_WARN_UNGUARDED_AVAILABILITY = YES_AGGRESSIVE;
				CLANG_WARN_UNREACHABLE_CODE = YES;
				CLANG_WARN__DUPLICATE_METHOD_MATCH = YES;
				COPY_PHASE_STRIP = NO;
				DEBUG_INFORMATION_FORMAT = dwarf;
				ENABLE_STRICT_OBJC_MSGSEND = YES;
				ENABLE_TESTABILITY = YES;
				GCC_C_LANGUAGE_STANDARD = gnu11;
				GCC_DYNAMIC_NO_PIC = NO;
				GCC_NO_COMMON_BLOCKS = YES;
				GCC_OPTIMIZATION_LEVEL = 0;
				GCC_PREPROCESSOR_DEFINITIONS = (
					"DEBUG=1",
					"$(inherited)",
				);
				GCC_WARN_64_TO_32_BIT_CONVERSION = YES;
				GCC_WARN_ABOUT_RETURN_TYPE = YES_ERROR;
				GCC_WARN_UNDECLARED_SELECTOR = YES;
				GCC_WARN_UNINITIALIZED_AUTOS = YES_AGGRESSIVE;
				GCC_WARN_UNUSED_FUNCTION = YES;
				GCC_WARN_UNUSED_VARIABLE = YES;
				IPHONEOS_DEPLOYMENT_TARGET = 15.5;
				MTL_ENABLE_DEBUG_INFO = INCLUDE_SOURCE;
				MTL_FAST_MATH = YES;
				ONLY_ACTIVE_ARCH = YES;
				SDKROOT = iphoneos;
				SWIFT_ACTIVE_COMPILATION_CONDITIONS = DEBUG;
				SWIFT_OPTIMIZATION_LEVEL = "-Onone";
			};
			name = Debug;
		};
		5662DB1C289C275500FB328F /* Release */ = {
			isa = XCBuildConfiguration;
			buildSettings = {
				ALWAYS_SEARCH_USER_PATHS = NO;
				CLANG_ANALYZER_NONNULL = YES;
				CLANG_ANALYZER_NUMBER_OBJECT_CONVERSION = YES_AGGRESSIVE;
				CLANG_CXX_LANGUAGE_STANDARD = "gnu++17";
				CLANG_ENABLE_MODULES = YES;
				CLANG_ENABLE_OBJC_ARC = YES;
				CLANG_ENABLE_OBJC_WEAK = YES;
				CLANG_WARN_BLOCK_CAPTURE_AUTORELEASING = YES;
				CLANG_WARN_BOOL_CONVERSION = YES;
				CLANG_WARN_COMMA = YES;
				CLANG_WARN_CONSTANT_CONVERSION = YES;
				CLANG_WARN_DEPRECATED_OBJC_IMPLEMENTATIONS = YES;
				CLANG_WARN_DIRECT_OBJC_ISA_USAGE = YES_ERROR;
				CLANG_WARN_DOCUMENTATION_COMMENTS = YES;
				CLANG_WARN_EMPTY_BODY = YES;
				CLANG_WARN_ENUM_CONVERSION = YES;
				CLANG_WARN_INFINITE_RECURSION = YES;
				CLANG_WARN_INT_CONVERSION = YES;
				CLANG_WARN_NON_LITERAL_NULL_CONVERSION = YES;
				CLANG_WARN_OBJC_IMPLICIT_RETAIN_SELF = YES;
				CLANG_WARN_OBJC_LITERAL_CONVERSION = YES;
				CLANG_WARN_OBJC_ROOT_CLASS = YES_ERROR;
				CLANG_WARN_QUOTED_INCLUDE_IN_FRAMEWORK_HEADER = YES;
				CLANG_WARN_RANGE_LOOP_ANALYSIS = YES;
				CLANG_WARN_STRICT_PROTOTYPES = YES;
				CLANG_WARN_SUSPICIOUS_MOVE = YES;
				CLANG_WARN_UNGUARDED_AVAILABILITY = YES_AGGRESSIVE;
				CLANG_WARN_UNREACHABLE_CODE = YES;
				CLANG_WARN__DUPLICATE_METHOD_MATCH = YES;
				COPY_PHASE_STRIP = NO;
				DEBUG_INFORMATION_FORMAT = "dwarf-with-dsym";
				ENABLE_NS_ASSERTIONS = NO;
				ENABLE_STRICT_OBJC_MSGSEND = YES;
				GCC_C_LANGUAGE_STANDARD = gnu11;
				GCC_NO_COMMON_BLOCKS = YES;
				GCC_WARN_64_TO_32_BIT_CONVERSION = YES;
				GCC_WARN_ABOUT_RETURN_TYPE = YES_ERROR;
				GCC_WARN_UNDECLARED_SELECTOR = YES;
				GCC_WARN_UNINITIALIZED_AUTOS = YES_AGGRESSIVE;
				GCC_WARN_UNUSED_FUNCTION = YES;
				GCC_WARN_UNUSED_VARIABLE = YES;
				IPHONEOS_DEPLOYMENT_TARGET = 15.5;
				MTL_ENABLE_DEBUG_INFO = NO;
				MTL_FAST_MATH = YES;
				SDKROOT = iphoneos;
				SWIFT_COMPILATION_MODE = wholemodule;
				SWIFT_OPTIMIZATION_LEVEL = "-O";
				VALIDATE_PRODUCT = YES;
			};
			name = Release;
		};
		5662DB1E289C275500FB328F /* Debug */ = {
			isa = XCBuildConfiguration;
			buildSettings = {
				ASSETCATALOG_COMPILER_APPICON_NAME = AppIcon;
				ASSETCATALOG_COMPILER_GLOBAL_ACCENT_COLOR_NAME = AccentColor;
				CODE_SIGN_STYLE = Automatic;
				CURRENT_PROJECT_VERSION = 1;
				DEVELOPMENT_TEAM = QK8LY36SC5;
				GENERATE_INFOPLIST_FILE = YES;
				INFOPLIST_FILE = MovieApp/Info.plist;
				INFOPLIST_KEY_UIApplicationSupportsIndirectInputEvents = YES;
				INFOPLIST_KEY_UILaunchStoryboardName = LaunchScreen;
				INFOPLIST_KEY_UIMainStoryboardFile = Main;
				INFOPLIST_KEY_UISupportedInterfaceOrientations_iPad = "UIInterfaceOrientationPortrait UIInterfaceOrientationPortraitUpsideDown UIInterfaceOrientationLandscapeLeft UIInterfaceOrientationLandscapeRight";
				INFOPLIST_KEY_UISupportedInterfaceOrientations_iPhone = "UIInterfaceOrientationPortrait UIInterfaceOrientationLandscapeLeft UIInterfaceOrientationLandscapeRight";
				LD_RUNPATH_SEARCH_PATHS = (
					"$(inherited)",
					"@executable_path/Frameworks",
				);
				MARKETING_VERSION = 1.0;
				PRODUCT_BUNDLE_IDENTIFIER = egeseckin.MovieApp;
				PRODUCT_NAME = "$(TARGET_NAME)";
				SWIFT_EMIT_LOC_STRINGS = YES;
				SWIFT_VERSION = 5.0;
				TARGETED_DEVICE_FAMILY = "1,2";
			};
			name = Debug;
		};
		5662DB1F289C275500FB328F /* Release */ = {
			isa = XCBuildConfiguration;
			buildSettings = {
				ASSETCATALOG_COMPILER_APPICON_NAME = AppIcon;
				ASSETCATALOG_COMPILER_GLOBAL_ACCENT_COLOR_NAME = AccentColor;
				CODE_SIGN_STYLE = Automatic;
				CURRENT_PROJECT_VERSION = 1;
				DEVELOPMENT_TEAM = QK8LY36SC5;
				GENERATE_INFOPLIST_FILE = YES;
				INFOPLIST_FILE = MovieApp/Info.plist;
				INFOPLIST_KEY_UIApplicationSupportsIndirectInputEvents = YES;
				INFOPLIST_KEY_UILaunchStoryboardName = LaunchScreen;
				INFOPLIST_KEY_UIMainStoryboardFile = Main;
				INFOPLIST_KEY_UISupportedInterfaceOrientations_iPad = "UIInterfaceOrientationPortrait UIInterfaceOrientationPortraitUpsideDown UIInterfaceOrientationLandscapeLeft UIInterfaceOrientationLandscapeRight";
				INFOPLIST_KEY_UISupportedInterfaceOrientations_iPhone = "UIInterfaceOrientationPortrait UIInterfaceOrientationLandscapeLeft UIInterfaceOrientationLandscapeRight";
				LD_RUNPATH_SEARCH_PATHS = (
					"$(inherited)",
					"@executable_path/Frameworks",
				);
				MARKETING_VERSION = 1.0;
				PRODUCT_BUNDLE_IDENTIFIER = egeseckin.MovieApp;
				PRODUCT_NAME = "$(TARGET_NAME)";
				SWIFT_EMIT_LOC_STRINGS = YES;
				SWIFT_VERSION = 5.0;
				TARGETED_DEVICE_FAMILY = "1,2";
			};
			name = Release;
		};
/* End XCBuildConfiguration section */

/* Begin XCConfigurationList section */
		5662DB04289C275100FB328F /* Build configuration list for PBXProject "MovieApp" */ = {
			isa = XCConfigurationList;
			buildConfigurations = (
				5662DB1B289C275500FB328F /* Debug */,
				5662DB1C289C275500FB328F /* Release */,
			);
			defaultConfigurationIsVisible = 0;
			defaultConfigurationName = Release;
		};
		5662DB1D289C275500FB328F /* Build configuration list for PBXNativeTarget "MovieApp" */ = {
			isa = XCConfigurationList;
			buildConfigurations = (
				5662DB1E289C275500FB328F /* Debug */,
				5662DB1F289C275500FB328F /* Release */,
			);
			defaultConfigurationIsVisible = 0;
			defaultConfigurationName = Release;
		};
/* End XCConfigurationList section */

/* Begin XCRemoteSwiftPackageReference section */
		5662DB33289C3C5A00FB328F /* XCRemoteSwiftPackageReference "Longinus" */ = {
			isa = XCRemoteSwiftPackageReference;
			repositoryURL = "https://github.com/KittenYang/Longinus.git";
			requirement = {
				kind = upToNextMajorVersion;
				minimumVersion = 1.0.0;
			};
		};
		5662DB39289C588D00FB328F /* XCRemoteSwiftPackageReference "Alamofire" */ = {
			isa = XCRemoteSwiftPackageReference;
			repositoryURL = "https://github.com/Alamofire/Alamofire";
			requirement = {
				kind = upToNextMajorVersion;
				minimumVersion = 5.0.0;
			};
		};
		5662DB40289FB19D00FB328F /* XCRemoteSwiftPackageReference "lottie-ios" */ = {
			isa = XCRemoteSwiftPackageReference;
			repositoryURL = "https://github.com/airbnb/lottie-ios";
			requirement = {
				kind = upToNextMajorVersion;
				minimumVersion = 3.0.0;
			};
		};
/* End XCRemoteSwiftPackageReference section */

/* Begin XCSwiftPackageProductDependency section */
		5662DB34289C3C5A00FB328F /* Longinus */ = {
			isa = XCSwiftPackageProductDependency;
			package = 5662DB33289C3C5A00FB328F /* XCRemoteSwiftPackageReference "Longinus" */;
			productName = Longinus;
		};
		5662DB3A289C588D00FB328F /* Alamofire */ = {
			isa = XCSwiftPackageProductDependency;
			package = 5662DB39289C588D00FB328F /* XCRemoteSwiftPackageReference "Alamofire" */;
			productName = Alamofire;
		};
		5662DB41289FB19D00FB328F /* Lottie */ = {
			isa = XCSwiftPackageProductDependency;
			package = 5662DB40289FB19D00FB328F /* XCRemoteSwiftPackageReference "lottie-ios" */;
			productName = Lottie;
		};
/* End XCSwiftPackageProductDependency section */
	};
	rootObject = 5662DB01289C275100FB328F /* Project object */;
}
